
Microsoft Visual Studio Solution File, Format Version 12.00
# Visual Studio Version 17
VisualStudioVersion = 17.14.36109.1
MinimumVisualStudioVersion = 10.0.40219.1
Project("{FAE04EC0-301F-11D3-BF4B-00C04F79EFBC}") = "Retroworks.RCBus", "Retroworks.RCBus\Retroworks.RCBus.csproj", "{4B174B79-FABD-AEF8-EFB7-CAD88A22A80B}"
EndProject
Project("{C7167F0D-BC9F-4E6E-AFE1-012C56B48DB5}") = "Retroworks.RCBus.Windows", "Retroworks.RCBus.Windows\Retroworks.RCBus.Windows.wapproj", "{BCE98A3D-73E6-4649-B4EA-5EE88CB23CB9}"
EndProject
Project("{2150E333-8FDC-42A3-9474-1A3956D46DE8}") = "Z80dotNet", "Z80dotNet", "{02EA681E-C7D8-13C7-8484-4AC65E1B71E8}"
EndProject
Project("{FAE04EC0-301F-11D3-BF4B-00C04F79EFBC}") = "Main", "Z80dotNet\Main\Main.csproj", "{74BDA9C5-EB7E-9EAB-009C-12DB0AA2A921}"
EndProject
Project("{FAE04EC0-301F-11D3-BF4B-00C04F79EFBC}") = "Main.Tests", "Z80dotNet\Main.Tests\Main.Tests.csproj", "{F1EB9959-1C49-ED73-ED51-DD5138A3BAFE}"
EndProject
Project("{2150E333-8FDC-42A3-9474-1A3956D46DE8}") = "Docs", "Docs", "{1492B7F7-CC04-420B-B47A-D6AA06F03718}"
	ProjectSection(SolutionItems) = preProject
		Z80dotNet\Docs\Configuration.md = Z80dotNet\Docs\Configuration.md
		Z80dotNet\Docs\Dependencies.md = Z80dotNet\Docs\Dependencies.md
		Z80dotNet\Docs\HowExecutionWorks.md = Z80dotNet\Docs\HowExecutionWorks.md
		Z80dotNet\Docs\InstructionExecutionFlow.md = Z80dotNet\Docs\InstructionExecutionFlow.md
		Z80dotNet\Docs\Interrupts.md = Z80dotNet\Docs\Interrupts.md
		Z80dotNet\Docs\MemoryAccessFlow.md = Z80dotNet\Docs\MemoryAccessFlow.md
		Z80dotNet\Docs\State.md = Z80dotNet\Docs\State.md
		Z80dotNet\Docs\StopConditions.md = Z80dotNet\Docs\StopConditions.md
	EndProjectSection
EndProject
Project("{2150E333-8FDC-42A3-9474-1A3956D46DE8}") = "VtNetCore", "VtNetCore", "{B237D788-5BDF-4B11-89B7-D169885E8C4C}"
EndProject
Project("{FAE04EC0-301F-11D3-BF4B-00C04F79EFBC}") = "VtNetCore", "VtNetCore\VtNetCore\VtNetCore.csproj", "{4A25D700-0D40-470D-BE2F-9FBD0407DB1B}"
EndProject
Project("{FAE04EC0-301F-11D3-BF4B-00C04F79EFBC}") = "VtNetCoreUnitTests", "VtNetCore\VtNetCore.Unit.Tests\VtNetCoreUnitTests.csproj", "{956F7833-FAEC-4772-0488-2D3428C31DC5}"
EndProject
Project("{FAE04EC0-301F-11D3-BF4B-00C04F79EFBC}") = "ZexallTest", "Z80dotNet\ZexallTest\ZexallTest.csproj", "{8C7644BB-8B81-03B8-FFCF-3A29E9E2810C}"
EndProject
Project("{FAE04EC0-301F-11D3-BF4B-00C04F79EFBC}") = "Retroworks.Components", "Retroworks.Components\Retroworks.Components.csproj", "{D0FF88E0-9E00-1CDD-4637-608D242D81CE}"
EndProject
Global
	GlobalSection(SolutionConfigurationPlatforms) = preSolution
		Debug|Any CPU = Debug|Any CPU
		Debug|ARM = Debug|ARM
		Debug|ARM64 = Debug|ARM64
		Debug|x64 = Debug|x64
		Debug|x86 = Debug|x86
		Release|Any CPU = Release|Any CPU
		Release|ARM = Release|ARM
		Release|ARM64 = Release|ARM64
		Release|x64 = Release|x64
		Release|x86 = Release|x86
	EndGlobalSection
	GlobalSection(ProjectConfigurationPlatforms) = postSolution
		{4B174B79-FABD-AEF8-EFB7-CAD88A22A80B}.Debug|Any CPU.ActiveCfg = Debug|Any CPU
		{4B174B79-FABD-AEF8-EFB7-CAD88A22A80B}.Debug|Any CPU.Build.0 = Debug|Any CPU
		{4B174B79-FABD-AEF8-EFB7-CAD88A22A80B}.Debug|ARM.ActiveCfg = Debug|Any CPU
		{4B174B79-FABD-AEF8-EFB7-CAD88A22A80B}.Debug|ARM.Build.0 = Debug|Any CPU
		{4B174B79-FABD-AEF8-EFB7-CAD88A22A80B}.Debug|ARM64.ActiveCfg = Debug|Any CPU
		{4B174B79-FABD-AEF8-EFB7-CAD88A22A80B}.Debug|ARM64.Build.0 = Debug|Any CPU
		{4B174B79-FABD-AEF8-EFB7-CAD88A22A80B}.Debug|x64.ActiveCfg = Debug|x64
		{4B174B79-FABD-AEF8-EFB7-CAD88A22A80B}.Debug|x64.Build.0 = Debug|x64
		{4B174B79-FABD-AEF8-EFB7-CAD88A22A80B}.Debug|x86.ActiveCfg = Debug|Any CPU
		{4B174B79-FABD-AEF8-EFB7-CAD88A22A80B}.Debug|x86.Build.0 = Debug|Any CPU
		{4B174B79-FABD-AEF8-EFB7-CAD88A22A80B}.Release|Any CPU.ActiveCfg = Release|Any CPU
		{4B174B79-FABD-AEF8-EFB7-CAD88A22A80B}.Release|Any CPU.Build.0 = Release|Any CPU
		{4B174B79-FABD-AEF8-EFB7-CAD88A22A80B}.Release|ARM.ActiveCfg = Release|Any CPU
		{4B174B79-FABD-AEF8-EFB7-CAD88A22A80B}.Release|ARM.Build.0 = Release|Any CPU
		{4B174B79-FABD-AEF8-EFB7-CAD88A22A80B}.Release|ARM64.ActiveCfg = Release|Any CPU
		{4B174B79-FABD-AEF8-EFB7-CAD88A22A80B}.Release|ARM64.Build.0 = Release|Any CPU
		{4B174B79-FABD-AEF8-EFB7-CAD88A22A80B}.Release|x64.ActiveCfg = Release|x64
		{4B174B79-FABD-AEF8-EFB7-CAD88A22A80B}.Release|x64.Build.0 = Release|x64
		{4B174B79-FABD-AEF8-EFB7-CAD88A22A80B}.Release|x86.ActiveCfg = Release|Any CPU
		{4B174B79-FABD-AEF8-EFB7-CAD88A22A80B}.Release|x86.Build.0 = Release|Any CPU
		{BCE98A3D-73E6-4649-B4EA-5EE88CB23CB9}.Debug|Any CPU.ActiveCfg = Debug|Any CPU
		{BCE98A3D-73E6-4649-B4EA-5EE88CB23CB9}.Debug|Any CPU.Build.0 = Debug|Any CPU
		{BCE98A3D-73E6-4649-B4EA-5EE88CB23CB9}.Debug|Any CPU.Deploy.0 = Debug|Any CPU
		{BCE98A3D-73E6-4649-B4EA-5EE88CB23CB9}.Debug|ARM.ActiveCfg = Debug|ARM
		{BCE98A3D-73E6-4649-B4EA-5EE88CB23CB9}.Debug|ARM.Build.0 = Debug|ARM
		{BCE98A3D-73E6-4649-B4EA-5EE88CB23CB9}.Debug|ARM.Deploy.0 = Debug|ARM
		{BCE98A3D-73E6-4649-B4EA-5EE88CB23CB9}.Debug|ARM64.ActiveCfg = Debug|ARM64
		{BCE98A3D-73E6-4649-B4EA-5EE88CB23CB9}.Debug|ARM64.Build.0 = Debug|ARM64
		{BCE98A3D-73E6-4649-B4EA-5EE88CB23CB9}.Debug|ARM64.Deploy.0 = Debug|ARM64
		{BCE98A3D-73E6-4649-B4EA-5EE88CB23CB9}.Debug|x64.ActiveCfg = Debug|x64
		{BCE98A3D-73E6-4649-B4EA-5EE88CB23CB9}.Debug|x64.Build.0 = Debug|x64
		{BCE98A3D-73E6-4649-B4EA-5EE88CB23CB9}.Debug|x64.Deploy.0 = Debug|x64
		{BCE98A3D-73E6-4649-B4EA-5EE88CB23CB9}.Debug|x86.ActiveCfg = Debug|x86
		{BCE98A3D-73E6-4649-B4EA-5EE88CB23CB9}.Debug|x86.Build.0 = Debug|x86
		{BCE98A3D-73E6-4649-B4EA-5EE88CB23CB9}.Debug|x86.Deploy.0 = Debug|x86
		{BCE98A3D-73E6-4649-B4EA-5EE88CB23CB9}.Release|Any CPU.ActiveCfg = Release|Any CPU
		{BCE98A3D-73E6-4649-B4EA-5EE88CB23CB9}.Release|Any CPU.Build.0 = Release|Any CPU
		{BCE98A3D-73E6-4649-B4EA-5EE88CB23CB9}.Release|Any CPU.Deploy.0 = Release|Any CPU
		{BCE98A3D-73E6-4649-B4EA-5EE88CB23CB9}.Release|ARM.ActiveCfg = Release|ARM
		{BCE98A3D-73E6-4649-B4EA-5EE88CB23CB9}.Release|ARM.Build.0 = Release|ARM
		{BCE98A3D-73E6-4649-B4EA-5EE88CB23CB9}.Release|ARM.Deploy.0 = Release|ARM
		{BCE98A3D-73E6-4649-B4EA-5EE88CB23CB9}.Release|ARM64.ActiveCfg = Release|ARM64
		{BCE98A3D-73E6-4649-B4EA-5EE88CB23CB9}.Release|ARM64.Build.0 = Release|ARM64
		{BCE98A3D-73E6-4649-B4EA-5EE88CB23CB9}.Release|ARM64.Deploy.0 = Release|ARM64
		{BCE98A3D-73E6-4649-B4EA-5EE88CB23CB9}.Release|x64.ActiveCfg = Release|x64
		{BCE98A3D-73E6-4649-B4EA-5EE88CB23CB9}.Release|x64.Build.0 = Release|x64
		{BCE98A3D-73E6-4649-B4EA-5EE88CB23CB9}.Release|x64.Deploy.0 = Release|x64
		{BCE98A3D-73E6-4649-B4EA-5EE88CB23CB9}.Release|x86.ActiveCfg = Release|x86
		{BCE98A3D-73E6-4649-B4EA-5EE88CB23CB9}.Release|x86.Build.0 = Release|x86
		{BCE98A3D-73E6-4649-B4EA-5EE88CB23CB9}.Release|x86.Deploy.0 = Release|x86
		{74BDA9C5-EB7E-9EAB-009C-12DB0AA2A921}.Debug|Any CPU.ActiveCfg = Debug|Any CPU
		{74BDA9C5-EB7E-9EAB-009C-12DB0AA2A921}.Debug|Any CPU.Build.0 = Debug|Any CPU
		{74BDA9C5-EB7E-9EAB-009C-12DB0AA2A921}.Debug|ARM.ActiveCfg = Debug|Any CPU
		{74BDA9C5-EB7E-9EAB-009C-12DB0AA2A921}.Debug|ARM.Build.0 = Debug|Any CPU
		{74BDA9C5-EB7E-9EAB-009C-12DB0AA2A921}.Debug|ARM64.ActiveCfg = Debug|Any CPU
		{74BDA9C5-EB7E-9EAB-009C-12DB0AA2A921}.Debug|ARM64.Build.0 = Debug|Any CPU
		{74BDA9C5-EB7E-9EAB-009C-12DB0AA2A921}.Debug|x64.ActiveCfg = Debug|x64
		{74BDA9C5-EB7E-9EAB-009C-12DB0AA2A921}.Debug|x64.Build.0 = Debug|x64
		{74BDA9C5-EB7E-9EAB-009C-12DB0AA2A921}.Debug|x86.ActiveCfg = Debug|Any CPU
		{74BDA9C5-EB7E-9EAB-009C-12DB0AA2A921}.Debug|x86.Build.0 = Debug|Any CPU
		{74BDA9C5-EB7E-9EAB-009C-12DB0AA2A921}.Release|Any CPU.ActiveCfg = Release|Any CPU
		{74BDA9C5-EB7E-9EAB-009C-12DB0AA2A921}.Release|Any CPU.Build.0 = Release|Any CPU
		{74BDA9C5-EB7E-9EAB-009C-12DB0AA2A921}.Release|ARM.ActiveCfg = Release|Any CPU
		{74BDA9C5-EB7E-9EAB-009C-12DB0AA2A921}.Release|ARM.Build.0 = Release|Any CPU
		{74BDA9C5-EB7E-9EAB-009C-12DB0AA2A921}.Release|ARM64.ActiveCfg = Release|Any CPU
		{74BDA9C5-EB7E-9EAB-009C-12DB0AA2A921}.Release|ARM64.Build.0 = Release|Any CPU
		{74BDA9C5-EB7E-9EAB-009C-12DB0AA2A921}.Release|x64.ActiveCfg = Release|x64
		{74BDA9C5-EB7E-9EAB-009C-12DB0AA2A921}.Release|x64.Build.0 = Release|x64
		{74BDA9C5-EB7E-9EAB-009C-12DB0AA2A921}.Release|x86.ActiveCfg = Release|Any CPU
		{74BDA9C5-EB7E-9EAB-009C-12DB0AA2A921}.Release|x86.Build.0 = Release|Any CPU
		{F1EB9959-1C49-ED73-ED51-DD5138A3BAFE}.Debug|Any CPU.ActiveCfg = Debug|Any CPU
		{F1EB9959-1C49-ED73-ED51-DD5138A3BAFE}.Debug|Any CPU.Build.0 = Debug|Any CPU
		{F1EB9959-1C49-ED73-ED51-DD5138A3BAFE}.Debug|ARM.ActiveCfg = Debug|Any CPU
		{F1EB9959-1C49-ED73-ED51-DD5138A3BAFE}.Debug|ARM.Build.0 = Debug|Any CPU
		{F1EB9959-1C49-ED73-ED51-DD5138A3BAFE}.Debug|ARM64.ActiveCfg = Debug|Any CPU
		{F1EB9959-1C49-ED73-ED51-DD5138A3BAFE}.Debug|ARM64.Build.0 = Debug|Any CPU
		{F1EB9959-1C49-ED73-ED51-DD5138A3BAFE}.Debug|x64.ActiveCfg = Debug|x64
		{F1EB9959-1C49-ED73-ED51-DD5138A3BAFE}.Debug|x64.Build.0 = Debug|x64
		{F1EB9959-1C49-ED73-ED51-DD5138A3BAFE}.Debug|x86.ActiveCfg = Debug|Any CPU
		{F1EB9959-1C49-ED73-ED51-DD5138A3BAFE}.Debug|x86.Build.0 = Debug|Any CPU
		{F1EB9959-1C49-ED73-ED51-DD5138A3BAFE}.Release|Any CPU.ActiveCfg = Release|Any CPU
		{F1EB9959-1C49-ED73-ED51-DD5138A3BAFE}.Release|Any CPU.Build.0 = Release|Any CPU
		{F1EB9959-1C49-ED73-ED51-DD5138A3BAFE}.Release|ARM.ActiveCfg = Release|Any CPU
		{F1EB9959-1C49-ED73-ED51-DD5138A3BAFE}.Release|ARM.Build.0 = Release|Any CPU
		{F1EB9959-1C49-ED73-ED51-DD5138A3BAFE}.Release|ARM64.ActiveCfg = Release|Any CPU
		{F1EB9959-1C49-ED73-ED51-DD5138A3BAFE}.Release|ARM64.Build.0 = Release|Any CPU
		{F1EB9959-1C49-ED73-ED51-DD5138A3BAFE}.Release|x64.ActiveCfg = Release|x64
		{F1EB9959-1C49-ED73-ED51-DD5138A3BAFE}.Release|x64.Build.0 = Release|x64
		{F1EB9959-1C49-ED73-ED51-DD5138A3BAFE}.Release|x86.ActiveCfg = Release|Any CPU
		{F1EB9959-1C49-ED73-ED51-DD5138A3BAFE}.Release|x86.Build.0 = Release|Any CPU
		{4A25D700-0D40-470D-BE2F-9FBD0407DB1B}.Debug|Any CPU.ActiveCfg = Debug|Any CPU
		{4A25D700-0D40-470D-BE2F-9FBD0407DB1B}.Debug|Any CPU.Build.0 = Debug|Any CPU
		{4A25D700-0D40-470D-BE2F-9FBD0407DB1B}.Debug|ARM.ActiveCfg = Debug|Any CPU
		{4A25D700-0D40-470D-BE2F-9FBD0407DB1B}.Debug|ARM.Build.0 = Debug|Any CPU
		{4A25D700-0D40-470D-BE2F-9FBD0407DB1B}.Debug|ARM64.ActiveCfg = Debug|Any CPU
		{4A25D700-0D40-470D-BE2F-9FBD0407DB1B}.Debug|ARM64.Build.0 = Debug|Any CPU
		{4A25D700-0D40-470D-BE2F-9FBD0407DB1B}.Debug|x64.ActiveCfg = Debug|Any CPU
		{4A25D700-0D40-470D-BE2F-9FBD0407DB1B}.Debug|x64.Build.0 = Debug|Any CPU
		{4A25D700-0D40-470D-BE2F-9FBD0407DB1B}.Debug|x86.ActiveCfg = Debug|Any CPU
		{4A25D700-0D40-470D-BE2F-9FBD0407DB1B}.Debug|x86.Build.0 = Debug|Any CPU
		{4A25D700-0D40-470D-BE2F-9FBD0407DB1B}.Release|Any CPU.ActiveCfg = Release|Any CPU
		{4A25D700-0D40-470D-BE2F-9FBD0407DB1B}.Release|Any CPU.Build.0 = Release|Any CPU
		{4A25D700-0D40-470D-BE2F-9FBD0407DB1B}.Release|ARM.ActiveCfg = Release|Any CPU
		{4A25D700-0D40-470D-BE2F-9FBD0407DB1B}.Release|ARM.Build.0 = Release|Any CPU
		{4A25D700-0D40-470D-BE2F-9FBD0407DB1B}.Release|ARM64.ActiveCfg = Release|Any CPU
		{4A25D700-0D40-470D-BE2F-9FBD0407DB1B}.Release|ARM64.Build.0 = Release|Any CPU
		{4A25D700-0D40-470D-BE2F-9FBD0407DB1B}.Release|x64.ActiveCfg = Release|Any CPU
		{4A25D700-0D40-470D-BE2F-9FBD0407DB1B}.Release|x64.Build.0 = Release|Any CPU
		{4A25D700-0D40-470D-BE2F-9FBD0407DB1B}.Release|x86.ActiveCfg = Release|Any CPU
		{4A25D700-0D40-470D-BE2F-9FBD0407DB1B}.Release|x86.Build.0 = Release|Any CPU
		{956F7833-FAEC-4772-0488-2D3428C31DC5}.Debug|Any CPU.ActiveCfg = Debug|Any CPU
		{956F7833-FAEC-4772-0488-2D3428C31DC5}.Debug|Any CPU.Build.0 = Debug|Any CPU
		{956F7833-FAEC-4772-0488-2D3428C31DC5}.Debug|ARM.ActiveCfg = Debug|Any CPU
		{956F7833-FAEC-4772-0488-2D3428C31DC5}.Debug|ARM.Build.0 = Debug|Any CPU
		{956F7833-FAEC-4772-0488-2D3428C31DC5}.Debug|ARM64.ActiveCfg = Debug|Any CPU
		{956F7833-FAEC-4772-0488-2D3428C31DC5}.Debug|ARM64.Build.0 = Debug|Any CPU
		{956F7833-FAEC-4772-0488-2D3428C31DC5}.Debug|x64.ActiveCfg = Debug|Any CPU
		{956F7833-FAEC-4772-0488-2D3428C31DC5}.Debug|x64.Build.0 = Debug|Any CPU
		{956F7833-FAEC-4772-0488-2D3428C31DC5}.Debug|x86.ActiveCfg = Debug|Any CPU
		{956F7833-FAEC-4772-0488-2D3428C31DC5}.Debug|x86.Build.0 = Debug|Any CPU
		{956F7833-FAEC-4772-0488-2D3428C31DC5}.Release|Any CPU.ActiveCfg = Release|Any CPU
		{956F7833-FAEC-4772-0488-2D3428C31DC5}.Release|Any CPU.Build.0 = Release|Any CPU
		{956F7833-FAEC-4772-0488-2D3428C31DC5}.Release|ARM.ActiveCfg = Release|Any CPU
		{956F7833-FAEC-4772-0488-2D3428C31DC5}.Release|ARM.Build.0 = Release|Any CPU
		{956F7833-FAEC-4772-0488-2D3428C31DC5}.Release|ARM64.ActiveCfg = Release|Any CPU
		{956F7833-FAEC-4772-0488-2D3428C31DC5}.Release|ARM64.Build.0 = Release|Any CPU
		{956F7833-FAEC-4772-0488-2D3428C31DC5}.Release|x64.ActiveCfg = Release|Any CPU
		{956F7833-FAEC-4772-0488-2D3428C31DC5}.Release|x64.Build.0 = Release|Any CPU
		{956F7833-FAEC-4772-0488-2D3428C31DC5}.Release|x86.ActiveCfg = Release|Any CPU
		{956F7833-FAEC-4772-0488-2D3428C31DC5}.Release|x86.Build.0 = Release|Any CPU
		{8C7644BB-8B81-03B8-FFCF-3A29E9E2810C}.Debug|Any CPU.ActiveCfg = Debug|Any CPU
		{8C7644BB-8B81-03B8-FFCF-3A29E9E2810C}.Debug|Any CPU.Build.0 = Debug|Any CPU
		{8C7644BB-8B81-03B8-FFCF-3A29E9E2810C}.Debug|ARM.ActiveCfg = Debug|Any CPU
		{8C7644BB-8B81-03B8-FFCF-3A29E9E2810C}.Debug|ARM.Build.0 = Debug|Any CPU
		{8C7644BB-8B81-03B8-FFCF-3A29E9E2810C}.Debug|ARM64.ActiveCfg = Debug|Any CPU
		{8C7644BB-8B81-03B8-FFCF-3A29E9E2810C}.Debug|ARM64.Build.0 = Debug|Any CPU
		{8C7644BB-8B81-03B8-FFCF-3A29E9E2810C}.Debug|x64.ActiveCfg = Debug|Any CPU
		{8C7644BB-8B81-03B8-FFCF-3A29E9E2810C}.Debug|x64.Build.0 = Debug|Any CPU
		{8C7644BB-8B81-03B8-FFCF-3A29E9E2810C}.Debug|x86.ActiveCfg = Debug|Any CPU
		{8C7644BB-8B81-03B8-FFCF-3A29E9E2810C}.Debug|x86.Build.0 = Debug|Any CPU
		{8C7644BB-8B81-03B8-FFCF-3A29E9E2810C}.Release|Any CPU.ActiveCfg = Release|Any CPU
		{8C7644BB-8B81-03B8-FFCF-3A29E9E2810C}.Release|Any CPU.Build.0 = Release|Any CPU
		{8C7644BB-8B81-03B8-FFCF-3A29E9E2810C}.Release|ARM.ActiveCfg = Release|Any CPU
		{8C7644BB-8B81-03B8-FFCF-3A29E9E2810C}.Release|ARM.Build.0 = Release|Any CPU
		{8C7644BB-8B81-03B8-FFCF-3A29E9E2810C}.Release|ARM64.ActiveCfg = Release|Any CPU
		{8C7644BB-8B81-03B8-FFCF-3A29E9E2810C}.Release|ARM64.Build.0 = Release|Any CPU
		{8C7644BB-8B81-03B8-FFCF-3A29E9E2810C}.Release|x64.ActiveCfg = Release|Any CPU
		{8C7644BB-8B81-03B8-FFCF-3A29E9E2810C}.Release|x64.Build.0 = Release|Any CPU
		{8C7644BB-8B81-03B8-FFCF-3A29E9E2810C}.Release|x86.ActiveCfg = Release|Any CPU
		{8C7644BB-8B81-03B8-FFCF-3A29E9E2810C}.Release|x86.Build.0 = Release|Any CPU
		{D0FF88E0-9E00-1CDD-4637-608D242D81CE}.Debug|Any CPU.ActiveCfg = Debug|Any CPU
		{D0FF88E0-9E00-1CDD-4637-608D242D81CE}.Debug|Any CPU.Build.0 = Debug|Any CPU
		{D0FF88E0-9E00-1CDD-4637-608D242D81CE}.Debug|ARM.ActiveCfg = Debug|Any CPU
		{D0FF88E0-9E00-1CDD-4637-608D242D81CE}.Debug|ARM.Build.0 = Debug|Any CPU
		{D0FF88E0-9E00-1CDD-4637-608D242D81CE}.Debug|ARM64.ActiveCfg = Debug|Any CPU
		{D0FF88E0-9E00-1CDD-4637-608D242D81CE}.Debug|ARM64.Build.0 = Debug|Any CPU
		{D0FF88E0-9E00-1CDD-4637-608D242D81CE}.Debug|x64.ActiveCfg = Debug|Any CPU
		{D0FF88E0-9E00-1CDD-4637-608D242D81CE}.Debug|x64.Build.0 = Debug|Any CPU
		{D0FF88E0-9E00-1CDD-4637-608D242D81CE}.Debug|x86.ActiveCfg = Debug|Any CPU
		{D0FF88E0-9E00-1CDD-4637-608D242D81CE}.Debug|x86.Build.0 = Debug|Any CPU
		{D0FF88E0-9E00-1CDD-4637-608D242D81CE}.Release|Any CPU.ActiveCfg = Release|Any CPU
		{D0FF88E0-9E00-1CDD-4637-608D242D81CE}.Release|Any CPU.Build.0 = Release|Any CPU
		{D0FF88E0-9E00-1CDD-4637-608D242D81CE}.Release|ARM.ActiveCfg = Release|Any CPU
		{D0FF88E0-9E00-1CDD-4637-608D242D81CE}.Release|ARM.Build.0 = Release|Any CPU
		{D0FF88E0-9E00-1CDD-4637-608D242D81CE}.Release|ARM64.ActiveCfg = Release|Any CPU
		{D0FF88E0-9E00-1CDD-4637-608D242D81CE}.Release|ARM64.Build.0 = Release|Any CPU
		{D0FF88E0-9E00-1CDD-4637-608D242D81CE}.Release|x64.ActiveCfg = Release|Any CPU
		{D0FF88E0-9E00-1CDD-4637-608D242D81CE}.Release|x64.Build.0 = Release|Any CPU
		{D0FF88E0-9E00-1CDD-4637-608D242D81CE}.Release|x86.ActiveCfg = Release|Any CPU
		{D0FF88E0-9E00-1CDD-4637-608D242D81CE}.Release|x86.Build.0 = Release|Any CPU
	EndGlobalSection
	GlobalSection(SolutionProperties) = preSolution
		HideSolutionNode = FALSE
	EndGlobalSection
	GlobalSection(NestedProjects) = preSolution
		{74BDA9C5-EB7E-9EAB-009C-12DB0AA2A921} = {02EA681E-C7D8-13C7-8484-4AC65E1B71E8}
		{F1EB9959-1C49-ED73-ED51-DD5138A3BAFE} = {02EA681E-C7D8-13C7-8484-4AC65E1B71E8}
		{1492B7F7-CC04-420B-B47A-D6AA06F03718} = {02EA681E-C7D8-13C7-8484-4AC65E1B71E8}
		{4A25D700-0D40-470D-BE2F-9FBD0407DB1B} = {B237D788-5BDF-4B11-89B7-D169885E8C4C}
		{956F7833-FAEC-4772-0488-2D3428C31DC5} = {B237D788-5BDF-4B11-89B7-D169885E8C4C}
		{8C7644BB-8B81-03B8-FFCF-3A29E9E2810C} = {02EA681E-C7D8-13C7-8484-4AC65E1B71E8}
	EndGlobalSection
	GlobalSection(ExtensibilityGlobals) = postSolution
		SolutionGuid = {0BA6367E-5517-446C-9A59-BE191BBDCA5B}
	EndGlobalSection
EndGlobal
