
Microsoft Visual Studio Solution File, Format Version 12.00
# Visual Studio Version 17
VisualStudioVersion = 17.14.36109.1
MinimumVisualStudioVersion = 10.0.40219.1
Project("{FAE04EC0-301F-11D3-BF4B-00C04F79EFBC}") = "Retroworks", "Retroworks\Retroworks.csproj", "{202FC696-76FB-4692-BB60-5C62E06978E3}"
EndProject
Project("{C7167F0D-BC9F-4E6E-AFE1-012C56B48DB5}") = "Retroworks.RCBus.Installer", "Retroworks.RCBus.Installer\Retroworks.RCBus.Installer.wapproj", "{79F92A98-59DF-4794-B769-6DC48F77E336}"
EndProject
Global
	GlobalSection(SolutionConfigurationPlatforms) = preSolution
		Debug|Any CPU = Debug|Any CPU
		Debug|ARM = Debug|ARM
		Debug|ARM64 = Debug|ARM64
		Debug|x64 = Debug|x64
		Debug|x86 = Debug|x86
		Release|Any CPU = Release|Any CPU
		Release|ARM = Release|ARM
		Release|ARM64 = Release|ARM64
		Release|x64 = Release|x64
		Release|x86 = Release|x86
	EndGlobalSection
	GlobalSection(ProjectConfigurationPlatforms) = postSolution
		{202FC696-76FB-4692-BB60-5C62E06978E3}.Debug|Any CPU.ActiveCfg = Debug|Any CPU
		{202FC696-76FB-4692-BB60-5C62E06978E3}.Debug|Any CPU.Build.0 = Debug|Any CPU
		{202FC696-76FB-4692-BB60-5C62E06978E3}.Debug|ARM.ActiveCfg = Debug|Any CPU
		{202FC696-76FB-4692-BB60-5C62E06978E3}.Debug|ARM.Build.0 = Debug|Any CPU
		{202FC696-76FB-4692-BB60-5C62E06978E3}.Debug|ARM64.ActiveCfg = Debug|Any CPU
		{202FC696-76FB-4692-BB60-5C62E06978E3}.Debug|ARM64.Build.0 = Debug|Any CPU
		{202FC696-76FB-4692-BB60-5C62E06978E3}.Debug|x64.ActiveCfg = Debug|x64
		{202FC696-76FB-4692-BB60-5C62E06978E3}.Debug|x64.Build.0 = Debug|x64
		{202FC696-76FB-4692-BB60-5C62E06978E3}.Debug|x86.ActiveCfg = Debug|Any CPU
		{202FC696-76FB-4692-BB60-5C62E06978E3}.Debug|x86.Build.0 = Debug|Any CPU
		{202FC696-76FB-4692-BB60-5C62E06978E3}.Release|Any CPU.ActiveCfg = Release|Any CPU
		{202FC696-76FB-4692-BB60-5C62E06978E3}.Release|Any CPU.Build.0 = Release|Any CPU
		{202FC696-76FB-4692-BB60-5C62E06978E3}.Release|ARM.ActiveCfg = Release|Any CPU
		{202FC696-76FB-4692-BB60-5C62E06978E3}.Release|ARM.Build.0 = Release|Any CPU
		{202FC696-76FB-4692-BB60-5C62E06978E3}.Release|ARM64.ActiveCfg = Release|Any CPU
		{202FC696-76FB-4692-BB60-5C62E06978E3}.Release|ARM64.Build.0 = Release|Any CPU
		{202FC696-76FB-4692-BB60-5C62E06978E3}.Release|x64.ActiveCfg = Release|x64
		{202FC696-76FB-4692-BB60-5C62E06978E3}.Release|x64.Build.0 = Release|x64
		{202FC696-76FB-4692-BB60-5C62E06978E3}.Release|x86.ActiveCfg = Release|Any CPU
		{202FC696-76FB-4692-BB60-5C62E06978E3}.Release|x86.Build.0 = Release|Any CPU
		{79F92A98-59DF-4794-B769-6DC48F77E336}.Debug|Any CPU.ActiveCfg = Debug|Any CPU
		{79F92A98-59DF-4794-B769-6DC48F77E336}.Debug|Any CPU.Build.0 = Debug|Any CPU
		{79F92A98-59DF-4794-B769-6DC48F77E336}.Debug|Any CPU.Deploy.0 = Debug|Any CPU
		{79F92A98-59DF-4794-B769-6DC48F77E336}.Debug|ARM.ActiveCfg = Debug|ARM
		{79F92A98-59DF-4794-B769-6DC48F77E336}.Debug|ARM.Build.0 = Debug|ARM
		{79F92A98-59DF-4794-B769-6DC48F77E336}.Debug|ARM.Deploy.0 = Debug|ARM
		{79F92A98-59DF-4794-B769-6DC48F77E336}.Debug|ARM64.ActiveCfg = Debug|ARM64
		{79F92A98-59DF-4794-B769-6DC48F77E336}.Debug|ARM64.Build.0 = Debug|ARM64
		{79F92A98-59DF-4794-B769-6DC48F77E336}.Debug|ARM64.Deploy.0 = Debug|ARM64
		{79F92A98-59DF-4794-B769-6DC48F77E336}.Debug|x64.ActiveCfg = Debug|x64
		{79F92A98-59DF-4794-B769-6DC48F77E336}.Debug|x64.Build.0 = Debug|x64
		{79F92A98-59DF-4794-B769-6DC48F77E336}.Debug|x64.Deploy.0 = Debug|x64
		{79F92A98-59DF-4794-B769-6DC48F77E336}.Debug|x86.ActiveCfg = Debug|x86
		{79F92A98-59DF-4794-B769-6DC48F77E336}.Debug|x86.Build.0 = Debug|x86
		{79F92A98-59DF-4794-B769-6DC48F77E336}.Debug|x86.Deploy.0 = Debug|x86
		{79F92A98-59DF-4794-B769-6DC48F77E336}.Release|Any CPU.ActiveCfg = Release|Any CPU
		{79F92A98-59DF-4794-B769-6DC48F77E336}.Release|Any CPU.Build.0 = Release|Any CPU
		{79F92A98-59DF-4794-B769-6DC48F77E336}.Release|Any CPU.Deploy.0 = Release|Any CPU
		{79F92A98-59DF-4794-B769-6DC48F77E336}.Release|ARM.ActiveCfg = Release|ARM
		{79F92A98-59DF-4794-B769-6DC48F77E336}.Release|ARM.Build.0 = Release|ARM
		{79F92A98-59DF-4794-B769-6DC48F77E336}.Release|ARM.Deploy.0 = Release|ARM
		{79F92A98-59DF-4794-B769-6DC48F77E336}.Release|ARM64.ActiveCfg = Release|ARM64
		{79F92A98-59DF-4794-B769-6DC48F77E336}.Release|ARM64.Build.0 = Release|ARM64
		{79F92A98-59DF-4794-B769-6DC48F77E336}.Release|ARM64.Deploy.0 = Release|ARM64
		{79F92A98-59DF-4794-B769-6DC48F77E336}.Release|x64.ActiveCfg = Release|x64
		{79F92A98-59DF-4794-B769-6DC48F77E336}.Release|x64.Build.0 = Release|x64
		{79F92A98-59DF-4794-B769-6DC48F77E336}.Release|x64.Deploy.0 = Release|x64
		{79F92A98-59DF-4794-B769-6DC48F77E336}.Release|x86.ActiveCfg = Release|x86
		{79F92A98-59DF-4794-B769-6DC48F77E336}.Release|x86.Build.0 = Release|x86
		{79F92A98-59DF-4794-B769-6DC48F77E336}.Release|x86.Deploy.0 = Release|x86
	EndGlobalSection
	GlobalSection(SolutionProperties) = preSolution
		HideSolutionNode = FALSE
	EndGlobalSection
	GlobalSection(ExtensibilityGlobals) = postSolution
		SolutionGuid = {0BA6367E-5517-446C-9A59-BE191BBDCA5B}
	EndGlobalSection
EndGlobal
