
Microsoft Visual Studio Solution File, Format Version 12.00
# Visual Studio Version 17
VisualStudioVersion = 17.14.36109.1
MinimumVisualStudioVersion = 10.0.40219.1
Project("{FAE04EC0-301F-11D3-BF4B-00C04F79EFBC}") = "Retroworks.RCBus", "Retroworks.RCBus\Retroworks.RCBus.csproj", "{4B174B79-FABD-AEF8-EFB7-CAD88A22A80B}"
EndProject
Project("{C7167F0D-BC9F-4E6E-AFE1-012C56B48DB5}") = "Retroworks.RCBus.Windows", "Retroworks.RCBus.Windows\Retroworks.RCBus.Windows.wapproj", "{BCE98A3D-73E6-4649-B4EA-5EE88CB23CB9}"
EndProject
Global
	GlobalSection(SolutionConfigurationPlatforms) = preSolution
		Debug|Any CPU = Debug|Any CPU
		Debug|ARM = Debug|ARM
		Debug|ARM64 = Debug|ARM64
		Debug|x64 = Debug|x64
		Debug|x86 = Debug|x86
		Release|Any CPU = Release|Any CPU
		Release|ARM = Release|ARM
		Release|ARM64 = Release|ARM64
		Release|x64 = Release|x64
		Release|x86 = Release|x86
	EndGlobalSection
	GlobalSection(ProjectConfigurationPlatforms) = postSolution
		{4B174B79-FABD-AEF8-EFB7-CAD88A22A80B}.Debug|Any CPU.ActiveCfg = Debug|Any CPU
		{4B174B79-FABD-AEF8-EFB7-CAD88A22A80B}.Debug|Any CPU.Build.0 = Debug|Any CPU
		{4B174B79-FABD-AEF8-EFB7-CAD88A22A80B}.Debug|ARM.ActiveCfg = Debug|Any CPU
		{4B174B79-FABD-AEF8-EFB7-CAD88A22A80B}.Debug|ARM.Build.0 = Debug|Any CPU
		{4B174B79-FABD-AEF8-EFB7-CAD88A22A80B}.Debug|ARM64.ActiveCfg = Debug|Any CPU
		{4B174B79-FABD-AEF8-EFB7-CAD88A22A80B}.Debug|ARM64.Build.0 = Debug|Any CPU
		{4B174B79-FABD-AEF8-EFB7-CAD88A22A80B}.Debug|x64.ActiveCfg = Debug|x64
		{4B174B79-FABD-AEF8-EFB7-CAD88A22A80B}.Debug|x64.Build.0 = Debug|x64
		{4B174B79-FABD-AEF8-EFB7-CAD88A22A80B}.Debug|x86.ActiveCfg = Debug|Any CPU
		{4B174B79-FABD-AEF8-EFB7-CAD88A22A80B}.Debug|x86.Build.0 = Debug|Any CPU
		{4B174B79-FABD-AEF8-EFB7-CAD88A22A80B}.Release|Any CPU.ActiveCfg = Release|Any CPU
		{4B174B79-FABD-AEF8-EFB7-CAD88A22A80B}.Release|Any CPU.Build.0 = Release|Any CPU
		{4B174B79-FABD-AEF8-EFB7-CAD88A22A80B}.Release|ARM.ActiveCfg = Release|Any CPU
		{4B174B79-FABD-AEF8-EFB7-CAD88A22A80B}.Release|ARM.Build.0 = Release|Any CPU
		{4B174B79-FABD-AEF8-EFB7-CAD88A22A80B}.Release|ARM64.ActiveCfg = Release|Any CPU
		{4B174B79-FABD-AEF8-EFB7-CAD88A22A80B}.Release|ARM64.Build.0 = Release|Any CPU
		{4B174B79-FABD-AEF8-EFB7-CAD88A22A80B}.Release|x64.ActiveCfg = Release|x64
		{4B174B79-FABD-AEF8-EFB7-CAD88A22A80B}.Release|x64.Build.0 = Release|x64
		{4B174B79-FABD-AEF8-EFB7-CAD88A22A80B}.Release|x86.ActiveCfg = Release|Any CPU
		{4B174B79-FABD-AEF8-EFB7-CAD88A22A80B}.Release|x86.Build.0 = Release|Any CPU
		{BCE98A3D-73E6-4649-B4EA-5EE88CB23CB9}.Debug|Any CPU.ActiveCfg = Debug|Any CPU
		{BCE98A3D-73E6-4649-B4EA-5EE88CB23CB9}.Debug|Any CPU.Build.0 = Debug|Any CPU
		{BCE98A3D-73E6-4649-B4EA-5EE88CB23CB9}.Debug|Any CPU.Deploy.0 = Debug|Any CPU
		{BCE98A3D-73E6-4649-B4EA-5EE88CB23CB9}.Debug|ARM.ActiveCfg = Debug|ARM
		{BCE98A3D-73E6-4649-B4EA-5EE88CB23CB9}.Debug|ARM.Build.0 = Debug|ARM
		{BCE98A3D-73E6-4649-B4EA-5EE88CB23CB9}.Debug|ARM.Deploy.0 = Debug|ARM
		{BCE98A3D-73E6-4649-B4EA-5EE88CB23CB9}.Debug|ARM64.ActiveCfg = Debug|ARM64
		{BCE98A3D-73E6-4649-B4EA-5EE88CB23CB9}.Debug|ARM64.Build.0 = Debug|ARM64
		{BCE98A3D-73E6-4649-B4EA-5EE88CB23CB9}.Debug|ARM64.Deploy.0 = Debug|ARM64
		{BCE98A3D-73E6-4649-B4EA-5EE88CB23CB9}.Debug|x64.ActiveCfg = Debug|x64
		{BCE98A3D-73E6-4649-B4EA-5EE88CB23CB9}.Debug|x64.Build.0 = Debug|x64
		{BCE98A3D-73E6-4649-B4EA-5EE88CB23CB9}.Debug|x64.Deploy.0 = Debug|x64
		{BCE98A3D-73E6-4649-B4EA-5EE88CB23CB9}.Debug|x86.ActiveCfg = Debug|x86
		{BCE98A3D-73E6-4649-B4EA-5EE88CB23CB9}.Debug|x86.Build.0 = Debug|x86
		{BCE98A3D-73E6-4649-B4EA-5EE88CB23CB9}.Debug|x86.Deploy.0 = Debug|x86
		{BCE98A3D-73E6-4649-B4EA-5EE88CB23CB9}.Release|Any CPU.ActiveCfg = Release|Any CPU
		{BCE98A3D-73E6-4649-B4EA-5EE88CB23CB9}.Release|Any CPU.Build.0 = Release|Any CPU
		{BCE98A3D-73E6-4649-B4EA-5EE88CB23CB9}.Release|Any CPU.Deploy.0 = Release|Any CPU
		{BCE98A3D-73E6-4649-B4EA-5EE88CB23CB9}.Release|ARM.ActiveCfg = Release|ARM
		{BCE98A3D-73E6-4649-B4EA-5EE88CB23CB9}.Release|ARM.Build.0 = Release|ARM
		{BCE98A3D-73E6-4649-B4EA-5EE88CB23CB9}.Release|ARM.Deploy.0 = Release|ARM
		{BCE98A3D-73E6-4649-B4EA-5EE88CB23CB9}.Release|ARM64.ActiveCfg = Release|ARM64
		{BCE98A3D-73E6-4649-B4EA-5EE88CB23CB9}.Release|ARM64.Build.0 = Release|ARM64
		{BCE98A3D-73E6-4649-B4EA-5EE88CB23CB9}.Release|ARM64.Deploy.0 = Release|ARM64
		{BCE98A3D-73E6-4649-B4EA-5EE88CB23CB9}.Release|x64.ActiveCfg = Release|x64
		{BCE98A3D-73E6-4649-B4EA-5EE88CB23CB9}.Release|x64.Build.0 = Release|x64
		{BCE98A3D-73E6-4649-B4EA-5EE88CB23CB9}.Release|x64.Deploy.0 = Release|x64
		{BCE98A3D-73E6-4649-B4EA-5EE88CB23CB9}.Release|x86.ActiveCfg = Release|x86
		{BCE98A3D-73E6-4649-B4EA-5EE88CB23CB9}.Release|x86.Build.0 = Release|x86
		{BCE98A3D-73E6-4649-B4EA-5EE88CB23CB9}.Release|x86.Deploy.0 = Release|x86
	EndGlobalSection
	GlobalSection(SolutionProperties) = preSolution
		HideSolutionNode = FALSE
	EndGlobalSection
	GlobalSection(ExtensibilityGlobals) = postSolution
		SolutionGuid = {0BA6367E-5517-446C-9A59-BE191BBDCA5B}
	EndGlobalSection
EndGlobal
